// !$*UTF8*$!
{
	archiveVersion = 1;
	classes = {
	};
	objectVersion = 77;
	objects = {

/* Begin PBXBuildFile section */
		C664647E2D84A570009B96B0 /* ListingDetailView.swift in Sources */ = {isa = PBXBuildFile; fileRef = C664647D2D84A570009B96B0 /* ListingDetailView.swift */; };
		C66464812D84A643009B96B0 /* ListingImageCarouselView.swift in Sources */ = {isa = PBXBuildFile; fileRef = C66464802D84A643009B96B0 /* ListingImageCarouselView.swift */; };
		C66464832D84A883009B96B0 /* ListingRatingView.swift in Sources */ = {isa = PBXBuildFile; fileRef = C66464822D84A883009B96B0 /* ListingRatingView.swift */; };
		C66464852D84A8E4009B96B0 /* ListingDetailTextView.swift in Sources */ = {isa = PBXBuildFile; fileRef = C66464842D84A8E4009B96B0 /* ListingDetailTextView.swift */; };
		C6A23A7D2D83603100131114 /* Preview Assets.xcassets in Resources */ = {isa = PBXBuildFile; fileRef = C6A23A772D83603100131114 /* Preview Assets.xcassets */; };
		C6A23A7E2D83603100131114 /* Assets.xcassets in Resources */ = {isa = PBXBuildFile; fileRef = C6A23A7A2D83603100131114 /* Assets.xcassets */; };
		C6A23A7F2D83603100131114 /* AirbnbApp.swift in Sources */ = {isa = PBXBuildFile; fileRef = C6A23A792D83603100131114 /* AirbnbApp.swift */; };
		C6A23A802D83603100131114 /* ContentView.swift in Sources */ = {isa = PBXBuildFile; fileRef = C6A23A7B2D83603100131114 /* ContentView.swift */; };
		C6A23A8F2D83621900131114 /* ExploreView.swift in Sources */ = {isa = PBXBuildFile; fileRef = C6A23A8E2D83621900131114 /* ExploreView.swift */; };
		C6A23A912D8363C300131114 /* ListingItemView.swift in Sources */ = {isa = PBXBuildFile; fileRef = C6A23A902D8363C300131114 /* ListingItemView.swift */; };
		C6A23A952D836F1600131114 /* SearchAndFilterBar.swift in Sources */ = {isa = PBXBuildFile; fileRef = C6A23A942D836F1600131114 /* SearchAndFilterBar.swift */; };
/* End PBXBuildFile section */

/* Begin PBXFileReference section */
		C664647D2D84A570009B96B0 /* ListingDetailView.swift */ = {isa = PBXFileReference; lastKnownFileType = sourcecode.swift; path = ListingDetailView.swift; sourceTree = "<group>"; };
		C66464802D84A643009B96B0 /* ListingImageCarouselView.swift */ = {isa = PBXFileReference; lastKnownFileType = sourcecode.swift; path = ListingImageCarouselView.swift; sourceTree = "<group>"; };
		C66464822D84A883009B96B0 /* ListingRatingView.swift */ = {isa = PBXFileReference; lastKnownFileType = sourcecode.swift; path = ListingRatingView.swift; sourceTree = "<group>"; };
		C66464842D84A8E4009B96B0 /* ListingDetailTextView.swift */ = {isa = PBXFileReference; lastKnownFileType = sourcecode.swift; path = ListingDetailTextView.swift; sourceTree = "<group>"; };
		C6A23A662D83602900131114 /* Airbnb.app */ = {isa = PBXFileReference; explicitFileType = wrapper.application; includeInIndex = 0; path = Airbnb.app; sourceTree = BUILT_PRODUCTS_DIR; };
		C6A23A772D83603100131114 /* Preview Assets.xcassets */ = {isa = PBXFileReference; lastKnownFileType = folder.assetcatalog; path = "Preview Assets.xcassets"; sourceTree = "<group>"; };
		C6A23A792D83603100131114 /* AirbnbApp.swift */ = {isa = PBXFileReference; lastKnownFileType = sourcecode.swift; path = AirbnbApp.swift; sourceTree = "<group>"; };
		C6A23A7A2D83603100131114 /* Assets.xcassets */ = {isa = PBXFileReference; lastKnownFileType = folder.assetcatalog; path = Assets.xcassets; sourceTree = "<group>"; };
		C6A23A7B2D83603100131114 /* ContentView.swift */ = {isa = PBXFileReference; lastKnownFileType = sourcecode.swift; path = ContentView.swift; sourceTree = "<group>"; };
		C6A23A8E2D83621900131114 /* ExploreView.swift */ = {isa = PBXFileReference; lastKnownFileType = sourcecode.swift; path = ExploreView.swift; sourceTree = "<group>"; };
		C6A23A902D8363C300131114 /* ListingItemView.swift */ = {isa = PBXFileReference; lastKnownFileType = sourcecode.swift; path = ListingItemView.swift; sourceTree = "<group>"; };
		C6A23A942D836F1600131114 /* SearchAndFilterBar.swift */ = {isa = PBXFileReference; lastKnownFileType = sourcecode.swift; path = SearchAndFilterBar.swift; sourceTree = "<group>"; };
/* End PBXFileReference section */

/* Begin PBXFrameworksBuildPhase section */
		C6A23A632D83602900131114 /* Frameworks */ = {
			isa = PBXFrameworksBuildPhase;
			buildActionMask = 2147483647;
			files = (
			);
			runOnlyForDeploymentPostprocessing = 0;
		};
/* End PBXFrameworksBuildPhase section */

/* Begin PBXGroup section */
		C664647F2D84A628009B96B0 /* Components */ = {
			isa = PBXGroup;
			children = (
				C66464802D84A643009B96B0 /* ListingImageCarouselView.swift */,
				C66464822D84A883009B96B0 /* ListingRatingView.swift */,
				C66464842D84A8E4009B96B0 /* ListingDetailTextView.swift */,
			);
			path = Components;
			sourceTree = "<group>";
		};
		C6A23A5D2D83602900131114 = {
			isa = PBXGroup;
			children = (
				C6A23A7C2D83603100131114 /* Airbnb */,
				C6A23A672D83602900131114 /* Products */,
			);
			sourceTree = "<group>";
		};
		C6A23A672D83602900131114 /* Products */ = {
			isa = PBXGroup;
			children = (
				C6A23A662D83602900131114 /* Airbnb.app */,
			);
			name = Products;
			sourceTree = "<group>";
		};
		C6A23A782D83603100131114 /* Preview Content */ = {
			isa = PBXGroup;
			children = (
				C6A23A772D83603100131114 /* Preview Assets.xcassets */,
			);
			path = "Preview Content";
			sourceTree = "<group>";
		};
		C6A23A7C2D83603100131114 /* Airbnb */ = {
			isa = PBXGroup;
			children = (
				C6A23A832D83610E00131114 /* App */,
				C6A23A842D83610F00131114 /* Core */,
				C6A23A812D83610B00131114 /* Extensions */,
				C6A23A822D83610C00131114 /* Models */,
				C6A23A782D83603100131114 /* Preview Content */,
				C6A23A852D83612900131114 /* Resources */,
				C6A23A862D83614B00131114 /* Utils */,
			);
			path = Airbnb;
			sourceTree = "<group>";
		};
		C6A23A812D83610B00131114 /* Extensions */ = {
			isa = PBXGroup;
			children = (
			);
			path = Extensions;
			sourceTree = "<group>";
		};
		C6A23A822D83610C00131114 /* Models */ = {
			isa = PBXGroup;
			children = (
			);
			path = Models;
			sourceTree = "<group>";
		};
		C6A23A832D83610E00131114 /* App */ = {
			isa = PBXGroup;
			children = (
				C6A23A792D83603100131114 /* AirbnbApp.swift */,
			);
			path = App;
			sourceTree = "<group>";
		};
		C6A23A842D83610F00131114 /* Core */ = {
			isa = PBXGroup;
			children = (
				C664647F2D84A628009B96B0 /* Components */,
				C6A23A872D83617E00131114 /* Explore */,
				C6A23A882D83618600131114 /* Listings */,
				C6A23A892D83618B00131114 /* MapView */,
				C6A23A8A2D83619100131114 /* Profile */,
				C6A23A8B2D83619800131114 /* Root */,
				C6A23A8C2D8361A500131114 /* TabBar */,
				C6A23A8D2D8361A900131114 /* Wishlists */,
			);
			path = Core;
			sourceTree = "<group>";
		};
		C6A23A852D83612900131114 /* Resources */ = {
			isa = PBXGroup;
			children = (
				C6A23A7A2D83603100131114 /* Assets.xcassets */,
			);
			path = Resources;
			sourceTree = "<group>";
		};
		C6A23A862D83614B00131114 /* Utils */ = {
			isa = PBXGroup;
			children = (
			);
			path = Utils;
			sourceTree = "<group>";
		};
		C6A23A872D83617E00131114 /* Explore */ = {
			isa = PBXGroup;
			children = (
				C6A23A8E2D83621900131114 /* ExploreView.swift */,
				C6A23A942D836F1600131114 /* SearchAndFilterBar.swift */,
			);
			path = Explore;
			sourceTree = "<group>";
		};
		C6A23A882D83618600131114 /* Listings */ = {
			isa = PBXGroup;
			children = (
				C6A23A902D8363C300131114 /* ListingItemView.swift */,
				C664647D2D84A570009B96B0 /* ListingDetailView.swift */,
			);
			path = Listings;
			sourceTree = "<group>";
		};
		C6A23A892D83618B00131114 /* MapView */ = {
			isa = PBXGroup;
			children = (
			);
			path = MapView;
			sourceTree = "<group>";
		};
		C6A23A8A2D83619100131114 /* Profile */ = {
			isa = PBXGroup;
			children = (
			);
			path = Profile;
			sourceTree = "<group>";
		};
		C6A23A8B2D83619800131114 /* Root */ = {
			isa = PBXGroup;
			children = (
				C6A23A7B2D83603100131114 /* ContentView.swift */,
			);
			path = Root;
			sourceTree = "<group>";
		};
		C6A23A8C2D8361A500131114 /* TabBar */ = {
			isa = PBXGroup;
			children = (
			);
			path = TabBar;
			sourceTree = "<group>";
		};
		C6A23A8D2D8361A900131114 /* Wishlists */ = {
			isa = PBXGroup;
			children = (
			);
			path = Wishlists;
			sourceTree = "<group>";
		};
/* End PBXGroup section */

/* Begin PBXNativeTarget section */
		C6A23A652D83602900131114 /* Airbnb */ = {
			isa = PBXNativeTarget;
			buildConfigurationList = C6A23A742D83602A00131114 /* Build configuration list for PBXNativeTarget "Airbnb" */;
			buildPhases = (
				C6A23A622D83602900131114 /* Sources */,
				C6A23A632D83602900131114 /* Frameworks */,
				C6A23A642D83602900131114 /* Resources */,
			);
			buildRules = (
			);
			dependencies = (
			);
			name = Airbnb;
			packageProductDependencies = (
			);
			productName = Airbnb;
			productReference = C6A23A662D83602900131114 /* Airbnb.app */;
			productType = "com.apple.product-type.application";
		};
/* End PBXNativeTarget section */

/* Begin PBXProject section */
		C6A23A5E2D83602900131114 /* Project object */ = {
			isa = PBXProject;
			attributes = {
				BuildIndependentTargetsInParallel = 1;
				LastSwiftUpdateCheck = 1610;
				LastUpgradeCheck = 1610;
				TargetAttributes = {
					C6A23A652D83602900131114 = {
						CreatedOnToolsVersion = 16.1;
					};
				};
			};
			buildConfigurationList = C6A23A612D83602900131114 /* Build configuration list for PBXProject "Airbnb" */;
			developmentRegion = en;
			hasScannedForEncodings = 0;
			knownRegions = (
				en,
				Base,
			);
			mainGroup = C6A23A5D2D83602900131114;
			minimizedProjectReferenceProxies = 1;
			preferredProjectObjectVersion = 77;
			productRefGroup = C6A23A672D83602900131114 /* Products */;
			projectDirPath = "";
			projectRoot = "";
			targets = (
				C6A23A652D83602900131114 /* Airbnb */,
			);
		};
/* End PBXProject section */

/* Begin PBXResourcesBuildPhase section */
		C6A23A642D83602900131114 /* Resources */ = {
			isa = PBXResourcesBuildPhase;
			buildActionMask = 2147483647;
			files = (
				C6A23A7D2D83603100131114 /* Preview Assets.xcassets in Resources */,
				C6A23A7E2D83603100131114 /* Assets.xcassets in Resources */,
			);
			runOnlyForDeploymentPostprocessing = 0;
		};
/* End PBXResourcesBuildPhase section */

/* Begin PBXSourcesBuildPhase section */
		C6A23A622D83602900131114 /* Sources */ = {
			isa = PBXSourcesBuildPhase;
			buildActionMask = 2147483647;
			files = (
				C66464812D84A643009B96B0 /* ListingImageCarouselView.swift in Sources */,
				C6A23A7F2D83603100131114 /* AirbnbApp.swift in Sources */,
				C6A23A912D8363C300131114 /* ListingItemView.swift in Sources */,
				C66464852D84A8E4009B96B0 /* ListingDetailTextView.swift in Sources */,
				C6A23A8F2D83621900131114 /* ExploreView.swift in Sources */,
				C66464832D84A883009B96B0 /* ListingRatingView.swift in Sources */,
				C6A23A952D836F1600131114 /* SearchAndFilterBar.swift in Sources */,
				C664647E2D84A570009B96B0 /* ListingDetailView.swift in Sources */,
				C6A23A802D83603100131114 /* ContentView.swift in Sources */,
			);
			runOnlyForDeploymentPostprocessing = 0;
		};
/* End PBXSourcesBuildPhase section */

/* Begin XCBuildConfiguration section */
		C6A23A722D83602A00131114 /* Debug */ = {
			isa = XCBuildConfiguration;
			buildSettings = {
				ALWAYS_SEARCH_USER_PATHS = NO;
				ASSETCATALOG_COMPILER_GENERATE_SWIFT_ASSET_SYMBOL_EXTENSIONS = YES;
				CLANG_ANALYZER_NONNULL = YES;
				CLANG_ANALYZER_NUMBER_OBJECT_CONVERSION = YES_AGGRESSIVE;
				CLANG_CXX_LANGUAGE_STANDARD = "gnu++20";
				CLANG_ENABLE_MODULES = YES;
				CLANG_ENABLE_OBJC_ARC = YES;
				CLANG_ENABLE_OBJC_WEAK = YES;
				CLANG_WARN_BLOCK_CAPTURE_AUTORELEASING = YES;
				CLANG_WARN_BOOL_CONVERSION = YES;
				CLANG_WARN_COMMA = YES;
				CLANG_WARN_CONSTANT_CONVERSION = YES;
				CLANG_WARN_DEPRECATED_OBJC_IMPLEMENTATIONS = YES;
				CLANG_WARN_DIRECT_OBJC_ISA_USAGE = YES_ERROR;
				CLANG_WARN_DOCUMENTATION_COMMENTS = YES;
				CLANG_WARN_EMPTY_BODY = YES;
				CLANG_WARN_ENUM_CONVERSION = YES;
				CLANG_WARN_INFINITE_RECURSION = YES;
				CLANG_WARN_INT_CONVERSION = YES;
				CLANG_WARN_NON_LITERAL_NULL_CONVERSION = YES;
				CLANG_WARN_OBJC_IMPLICIT_RETAIN_SELF = YES;
				CLANG_WARN_OBJC_LITERAL_CONVERSION = YES;
				CLANG_WARN_OBJC_ROOT_CLASS = YES_ERROR;
				CLANG_WARN_QUOTED_INCLUDE_IN_FRAMEWORK_HEADER = YES;
				CLANG_WARN_RANGE_LOOP_ANALYSIS = YES;
				CLANG_WARN_STRICT_PROTOTYPES = YES;
				CLANG_WARN_SUSPICIOUS_MOVE = YES;
				CLANG_WARN_UNGUARDED_AVAILABILITY = YES_AGGRESSIVE;
				CLANG_WARN_UNREACHABLE_CODE = YES;
				CLANG_WARN__DUPLICATE_METHOD_MATCH = YES;
				COPY_PHASE_STRIP = NO;
				DEBUG_INFORMATION_FORMAT = dwarf;
				ENABLE_STRICT_OBJC_MSGSEND = YES;
				ENABLE_TESTABILITY = YES;
				ENABLE_USER_SCRIPT_SANDBOXING = YES;
				GCC_C_LANGUAGE_STANDARD = gnu17;
				GCC_DYNAMIC_NO_PIC = NO;
				GCC_NO_COMMON_BLOCKS = YES;
				GCC_OPTIMIZATION_LEVEL = 0;
				GCC_PREPROCESSOR_DEFINITIONS = (
					"DEBUG=1",
					"$(inherited)",
				);
				GCC_WARN_64_TO_32_BIT_CONVERSION = YES;
				GCC_WARN_ABOUT_RETURN_TYPE = YES_ERROR;
				GCC_WARN_UNDECLARED_SELECTOR = YES;
				GCC_WARN_UNINITIALIZED_AUTOS = YES_AGGRESSIVE;
				GCC_WARN_UNUSED_FUNCTION = YES;
				GCC_WARN_UNUSED_VARIABLE = YES;
				IPHONEOS_DEPLOYMENT_TARGET = 18.1;
				LOCALIZATION_PREFERS_STRING_CATALOGS = YES;
				MTL_ENABLE_DEBUG_INFO = INCLUDE_SOURCE;
				MTL_FAST_MATH = YES;
				ONLY_ACTIVE_ARCH = YES;
				SDKROOT = iphoneos;
				SWIFT_ACTIVE_COMPILATION_CONDITIONS = "DEBUG $(inherited)";
				SWIFT_OPTIMIZATION_LEVEL = "-Onone";
			};
			name = Debug;
		};
		C6A23A732D83602A00131114 /* Release */ = {
			isa = XCBuildConfiguration;
			buildSettings = {
				ALWAYS_SEARCH_USER_PATHS = NO;
				ASSETCATALOG_COMPILER_GENERATE_SWIFT_ASSET_SYMBOL_EXTENSIONS = YES;
				CLANG_ANALYZER_NONNULL = YES;
				CLANG_ANALYZER_NUMBER_OBJECT_CONVERSION = YES_AGGRESSIVE;
				CLANG_CXX_LANGUAGE_STANDARD = "gnu++20";
				CLANG_ENABLE_MODULES = YES;
				CLANG_ENABLE_OBJC_ARC = YES;
				CLANG_ENABLE_OBJC_WEAK = YES;
				CLANG_WARN_BLOCK_CAPTURE_AUTORELEASING = YES;
				CLANG_WARN_BOOL_CONVERSION = YES;
				CLANG_WARN_COMMA = YES;
				CLANG_WARN_CONSTANT_CONVERSION = YES;
				CLANG_WARN_DEPRECATED_OBJC_IMPLEMENTATIONS = YES;
				CLANG_WARN_DIRECT_OBJC_ISA_USAGE = YES_ERROR;
				CLANG_WARN_DOCUMENTATION_COMMENTS = YES;
				CLANG_WARN_EMPTY_BODY = YES;
				CLANG_WARN_ENUM_CONVERSION = YES;
				CLANG_WARN_INFINITE_RECURSION = YES;
				CLANG_WARN_INT_CONVERSION = YES;
				CLANG_WARN_NON_LITERAL_NULL_CONVERSION = YES;
				CLANG_WARN_OBJC_IMPLICIT_RETAIN_SELF = YES;
				CLANG_WARN_OBJC_LITERAL_CONVERSION = YES;
				CLANG_WARN_OBJC_ROOT_CLASS = YES_ERROR;
				CLANG_WARN_QUOTED_INCLUDE_IN_FRAMEWORK_HEADER = YES;
				CLANG_WARN_RANGE_LOOP_ANALYSIS = YES;
				CLANG_WARN_STRICT_PROTOTYPES = YES;
				CLANG_WARN_SUSPICIOUS_MOVE = YES;
				CLANG_WARN_UNGUARDED_AVAILABILITY = YES_AGGRESSIVE;
				CLANG_WARN_UNREACHABLE_CODE = YES;
				CLANG_WARN__DUPLICATE_METHOD_MATCH = YES;
				COPY_PHASE_STRIP = NO;
				DEBUG_INFORMATION_FORMAT = "dwarf-with-dsym";
				ENABLE_NS_ASSERTIONS = NO;
				ENABLE_STRICT_OBJC_MSGSEND = YES;
				ENABLE_USER_SCRIPT_SANDBOXING = YES;
				GCC_C_LANGUAGE_STANDARD = gnu17;
				GCC_NO_COMMON_BLOCKS = YES;
				GCC_WARN_64_TO_32_BIT_CONVERSION = YES;
				GCC_WARN_ABOUT_RETURN_TYPE = YES_ERROR;
				GCC_WARN_UNDECLARED_SELECTOR = YES;
				GCC_WARN_UNINITIALIZED_AUTOS = YES_AGGRESSIVE;
				GCC_WARN_UNUSED_FUNCTION = YES;
				GCC_WARN_UNUSED_VARIABLE = YES;
				IPHONEOS_DEPLOYMENT_TARGET = 18.1;
				LOCALIZATION_PREFERS_STRING_CATALOGS = YES;
				MTL_ENABLE_DEBUG_INFO = NO;
				MTL_FAST_MATH = YES;
				SDKROOT = iphoneos;
				SWIFT_COMPILATION_MODE = wholemodule;
				VALIDATE_PRODUCT = YES;
			};
			name = Release;
		};
		C6A23A752D83602A00131114 /* Debug */ = {
			isa = XCBuildConfiguration;
			buildSettings = {
				ASSETCATALOG_COMPILER_APPICON_NAME = AppIcon;
				ASSETCATALOG_COMPILER_GLOBAL_ACCENT_COLOR_NAME = AccentColor;
				CODE_SIGN_STYLE = Automatic;
				CURRENT_PROJECT_VERSION = 1;
				DEVELOPMENT_ASSET_PATHS = "\"Airbnb/Preview Content\"";
				DEVELOPMENT_TEAM = 69M929ZQ47;
				ENABLE_PREVIEWS = YES;
				GENERATE_INFOPLIST_FILE = YES;
				INFOPLIST_KEY_UIApplicationSceneManifest_Generation = YES;
				INFOPLIST_KEY_UIApplicationSupportsIndirectInputEvents = YES;
				INFOPLIST_KEY_UILaunchScreen_Generation = YES;
				INFOPLIST_KEY_UISupportedInterfaceOrientations_iPad = "UIInterfaceOrientationPortrait UIInterfaceOrientationPortraitUpsideDown UIInterfaceOrientationLandscapeLeft UIInterfaceOrientationLandscapeRight";
				INFOPLIST_KEY_UISupportedInterfaceOrientations_iPhone = "UIInterfaceOrientationPortrait UIInterfaceOrientationLandscapeLeft UIInterfaceOrientationLandscapeRight";
				LD_RUNPATH_SEARCH_PATHS = (
					"$(inherited)",
					"@executable_path/Frameworks",
				);
				MARKETING_VERSION = 1.0;
				PRODUCT_BUNDLE_IDENTIFIER = "com.uk-servers.Airbnb";
				PRODUCT_NAME = "$(TARGET_NAME)";
				SWIFT_EMIT_LOC_STRINGS = YES;
				SWIFT_VERSION = 5.0;
				TARGETED_DEVICE_FAMILY = "1,2";
			};
			name = Debug;
		};
		C6A23A762D83602A00131114 /* Release */ = {
			isa = XCBuildConfiguration;
			buildSettings = {
				ASSETCATALOG_COMPILER_APPICON_NAME = AppIcon;
				ASSETCATALOG_COMPILER_GLOBAL_ACCENT_COLOR_NAME = AccentColor;
				CODE_SIGN_STYLE = Automatic;
				CURRENT_PROJECT_VERSION = 1;
				DEVELOPMENT_ASSET_PATHS = "\"Airbnb/Preview Content\"";
				DEVELOPMENT_TEAM = 69M929ZQ47;
				ENABLE_PREVIEWS = YES;
				GENERATE_INFOPLIST_FILE = YES;
				INFOPLIST_KEY_UIApplicationSceneManifest_Generation = YES;
				INFOPLIST_KEY_UIApplicationSupportsIndirectInputEvents = YES;
				INFOPLIST_KEY_UILaunchScreen_Generation = YES;
				INFOPLIST_KEY_UISupportedInterfaceOrientations_iPad = "UIInterfaceOrientationPortrait UIInterfaceOrientationPortraitUpsideDown UIInterfaceOrientationLandscapeLeft UIInterfaceOrientationLandscapeRight";
				INFOPLIST_KEY_UISupportedInterfaceOrientations_iPhone = "UIInterfaceOrientationPortrait UIInterfaceOrientationLandscapeLeft UIInterfaceOrientationLandscapeRight";
				LD_RUNPATH_SEARCH_PATHS = (
					"$(inherited)",
					"@executable_path/Frameworks",
				);
				MARKETING_VERSION = 1.0;
				PRODUCT_BUNDLE_IDENTIFIER = "com.uk-servers.Airbnb";
				PRODUCT_NAME = "$(TARGET_NAME)";
				SWIFT_EMIT_LOC_STRINGS = YES;
				SWIFT_VERSION = 5.0;
				TARGETED_DEVICE_FAMILY = "1,2";
			};
			name = Release;
		};
/* End XCBuildConfiguration section */

/* Begin XCConfigurationList section */
		C6A23A612D83602900131114 /* Build configuration list for PBXProject "Airbnb" */ = {
			isa = XCConfigurationList;
			buildConfigurations = (
				C6A23A722D83602A00131114 /* Debug */,
				C6A23A732D83602A00131114 /* Release */,
			);
			defaultConfigurationIsVisible = 0;
			defaultConfigurationName = Release;
		};
		C6A23A742D83602A00131114 /* Build configuration list for PBXNativeTarget "Airbnb" */ = {
			isa = XCConfigurationList;
			buildConfigurations = (
				C6A23A752D83602A00131114 /* Debug */,
				C6A23A762D83602A00131114 /* Release */,
			);
			defaultConfigurationIsVisible = 0;
			defaultConfigurationName = Release;
		};
/* End XCConfigurationList section */
	};
	rootObject = C6A23A5E2D83602900131114 /* Project object */;
}
